
Microsoft Visual Studio Solution File, Format Version 12.00
# Visual Studio Version 17
VisualStudioVersion = 17.9.34728.123
MinimumVisualStudioVersion = 10.0.40219.1
Project("{FAE04EC0-301F-11D3-BF4B-00C04F79EFBC}") = "ObligatoriskOpgave", "ObligatoriskOpgave\ObligatoriskOpgave.csproj", "{745FBD01-A826-4FBE-9E37-B6D8F050CADA}"
EndProject
Project("{FAE04EC0-301F-11D3-BF4B-00C04F79EFBC}") = "ObligatoriskOpgaveTests", "ObligatoriskOpgaveTests\ObligatoriskOpgaveTests.csproj", "{09D499F5-9172-46EC-9D48-2880D0630709}"
EndProject
Global
	GlobalSection(SolutionConfigurationPlatforms) = preSolution
		Debug|Any CPU = Debug|Any CPU
		Release|Any CPU = Release|Any CPU
	EndGlobalSection
	GlobalSection(ProjectConfigurationPlatforms) = postSolution
		{745FBD01-A826-4FBE-9E37-B6D8F050CADA}.Debug|Any CPU.ActiveCfg = Debug|Any CPU
		{745FBD01-A826-4FBE-9E37-B6D8F050CADA}.Debug|Any CPU.Build.0 = Debug|Any CPU
		{745FBD01-A826-4FBE-9E37-B6D8F050CADA}.Release|Any CPU.ActiveCfg = Release|Any CPU
		{745FBD01-A826-4FBE-9E37-B6D8F050CADA}.Release|Any CPU.Build.0 = Release|Any CPU
		{09D499F5-9172-46EC-9D48-2880D0630709}.Debug|Any CPU.ActiveCfg = Debug|Any CPU
		{09D499F5-9172-46EC-9D48-2880D0630709}.Debug|Any CPU.Build.0 = Debug|Any CPU
		{09D499F5-9172-46EC-9D48-2880D0630709}.Release|Any CPU.ActiveCfg = Release|Any CPU
		{09D499F5-9172-46EC-9D48-2880D0630709}.Release|Any CPU.Build.0 = Release|Any CPU
	EndGlobalSection
	GlobalSection(SolutionProperties) = preSolution
		HideSolutionNode = FALSE
	EndGlobalSection
	GlobalSection(ExtensibilityGlobals) = postSolution
		SolutionGuid = {B3BBD880-B668-4D61-8DBF-1936D384E776}
	EndGlobalSection
EndGlobal
